// !$*UTF8*$!
{
	archiveVersion = 1;
	classes = {
	};
	objectVersion = 50;
	objects = {

/* Begin PBXBuildFile section */
		0FCE27912207A09E00301E08 /* AppDelegate.swift in Sources */ = {isa = PBXBuildFile; fileRef = 0FCE27902207A09E00301E08 /* AppDelegate.swift */; };
		0FCE27932207A09E00301E08 /* HomeViewController.swift in Sources */ = {isa = PBXBuildFile; fileRef = 0FCE27922207A09E00301E08 /* HomeViewController.swift */; };
		0FCE27982207A09F00301E08 /* Assets.xcassets in Resources */ = {isa = PBXBuildFile; fileRef = 0FCE27972207A09F00301E08 /* Assets.xcassets */; };
		0FCE279B2207A09F00301E08 /* Main.storyboard in Resources */ = {isa = PBXBuildFile; fileRef = 0FCE27992207A09F00301E08 /* Main.storyboard */; };
		87481BBD222C56D600CBF41E /* Aunty's.png in Resources */ = {isa = PBXBuildFile; fileRef = 87481BBA222C56D500CBF41E /* Aunty's.png */; };
		87481BBE222C56D600CBF41E /* Shinwa.png in Resources */ = {isa = PBXBuildFile; fileRef = 87481BBB222C56D500CBF41E /* Shinwa.png */; };
		87481BBF222C56D600CBF41E /* Kabob.png in Resources */ = {isa = PBXBuildFile; fileRef = 87481BBC222C56D500CBF41E /* Kabob.png */; };
		87481BC2222C5F8D00CBF41E /* SignUpPage.swift in Sources */ = {isa = PBXBuildFile; fileRef = 87481BC1222C5F8D00CBF41E /* SignUpPage.swift */; };
		87481BC4222C656200CBF41E /* GuestPage.swift in Sources */ = {isa = PBXBuildFile; fileRef = 87481BC3222C656200CBF41E /* GuestPage.swift */; };
		87481BC6222C75B200CBF41E /* Screen Shot 2019-03-03 at 3.50.39 PM.png in Resources */ = {isa = PBXBuildFile; fileRef = 87481BC5222C75AE00CBF41E /* Screen Shot 2019-03-03 at 3.50.39 PM.png */; };
		87481BC8222C888E00CBF41E /* HomePage.swift in Sources */ = {isa = PBXBuildFile; fileRef = 87481BC7222C888E00CBF41E /* HomePage.swift */; };
		87481BCB222C8AD200CBF41E /* steak+wrap+2.jpg in Resources */ = {isa = PBXBuildFile; fileRef = 87481BC9222C8AD000CBF41E /* steak+wrap+2.jpg */; };
		87481BCE222C8AF700CBF41E /* Alley.png in Resources */ = {isa = PBXBuildFile; fileRef = 87481BCD222C8AF700CBF41E /* Alley.png */; };
		87481BD0222CC46500CBF41E /* Error.swift in Sources */ = {isa = PBXBuildFile; fileRef = 87481BCF222CC46500CBF41E /* Error.swift */; };
		EC1B877E2231A7DA0025401D /* NewsPage.swift in Sources */ = {isa = PBXBuildFile; fileRef = EC1B877D2231A7DA0025401D /* NewsPage.swift */; };
		EC1B87802231AE7E0025401D /* SocialPage.swift in Sources */ = {isa = PBXBuildFile; fileRef = EC1B877F2231AE7E0025401D /* SocialPage.swift */; };
		EC1B87842231C1890025401D /* Facebook_logo_(square).png in Resources */ = {isa = PBXBuildFile; fileRef = EC1B87832231C1880025401D /* Facebook_logo_(square).png */; };
		EC1B87862235A8580025401D /* Map.swift in Sources */ = {isa = PBXBuildFile; fileRef = EC1B87852235A8580025401D /* Map.swift */; };
		EC1B87882235A91C0025401D /* File.swift in Sources */ = {isa = PBXBuildFile; fileRef = EC1B87872235A91C0025401D /* File.swift */; };
		EC611F70222A55A500347CE0 /* Screen Shot 2019-02-01 at 1.30.31 AM.png in Resources */ = {isa = PBXBuildFile; fileRef = EC611F6F222A55A500347CE0 /* Screen Shot 2019-02-01 at 1.30.31 AM.png */; };
		ECE0514C222A5CF6000FD564 /* preview_Aurora-Reloaded-Ocean-2048x2048.jpg in Resources */ = {isa = PBXBuildFile; fileRef = ECE0514B222A5CF6000FD564 /* preview_Aurora-Reloaded-Ocean-2048x2048.jpg */; };
/* End PBXBuildFile section */

/* Begin PBXFileReference section */
		0FCE278D2207A09D00301E08 /* ECE_project.app */ = {isa = PBXFileReference; explicitFileType = wrapper.application; includeInIndex = 0; path = ECE_project.app; sourceTree = BUILT_PRODUCTS_DIR; };
		0FCE27902207A09E00301E08 /* AppDelegate.swift */ = {isa = PBXFileReference; lastKnownFileType = sourcecode.swift; path = AppDelegate.swift; sourceTree = "<group>"; };
		0FCE27922207A09E00301E08 /* HomeViewController.swift */ = {isa = PBXFileReference; lastKnownFileType = sourcecode.swift; path = HomeViewController.swift; sourceTree = "<group>"; };
		0FCE27972207A09F00301E08 /* Assets.xcassets */ = {isa = PBXFileReference; lastKnownFileType = folder.assetcatalog; path = Assets.xcassets; sourceTree = "<group>"; };
		0FCE279A2207A09F00301E08 /* Base */ = {isa = PBXFileReference; lastKnownFileType = file.storyboard; name = Base; path = Base.lproj/Main.storyboard; sourceTree = "<group>"; };
		0FCE279C2207A09F00301E08 /* Info.plist */ = {isa = PBXFileReference; lastKnownFileType = text.plist.xml; path = Info.plist; sourceTree = "<group>"; };
		87481BBA222C56D500CBF41E /* Aunty's.png */ = {isa = PBXFileReference; lastKnownFileType = image.png; path = "Aunty's.png"; sourceTree = "<group>"; };
		87481BBB222C56D500CBF41E /* Shinwa.png */ = {isa = PBXFileReference; lastKnownFileType = image.png; path = Shinwa.png; sourceTree = "<group>"; };
		87481BBC222C56D500CBF41E /* Kabob.png */ = {isa = PBXFileReference; lastKnownFileType = image.png; path = Kabob.png; sourceTree = "<group>"; };
		87481BC1222C5F8D00CBF41E /* SignUpPage.swift */ = {isa = PBXFileReference; lastKnownFileType = sourcecode.swift; path = SignUpPage.swift; sourceTree = "<group>"; };
		87481BC3222C656200CBF41E /* GuestPage.swift */ = {isa = PBXFileReference; lastKnownFileType = sourcecode.swift; path = GuestPage.swift; sourceTree = "<group>"; };
		87481BC5222C75AE00CBF41E /* Screen Shot 2019-03-03 at 3.50.39 PM.png */ = {isa = PBXFileReference; lastKnownFileType = image.png; path = "Screen Shot 2019-03-03 at 3.50.39 PM.png"; sourceTree = "<group>"; };
		87481BC7222C888E00CBF41E /* HomePage.swift */ = {isa = PBXFileReference; lastKnownFileType = sourcecode.swift; path = HomePage.swift; sourceTree = "<group>"; };
		87481BC9222C8AD000CBF41E /* steak+wrap+2.jpg */ = {isa = PBXFileReference; lastKnownFileType = image.jpeg; path = "steak+wrap+2.jpg"; sourceTree = "<group>"; };
		87481BCD222C8AF700CBF41E /* Alley.png */ = {isa = PBXFileReference; lastKnownFileType = image.png; path = Alley.png; sourceTree = "<group>"; };
		87481BCF222CC46500CBF41E /* Error.swift */ = {isa = PBXFileReference; lastKnownFileType = sourcecode.swift; path = Error.swift; sourceTree = "<group>"; };
		EC1B877D2231A7DA0025401D /* NewsPage.swift */ = {isa = PBXFileReference; lastKnownFileType = sourcecode.swift; path = NewsPage.swift; sourceTree = "<group>"; };
		EC1B877F2231AE7E0025401D /* SocialPage.swift */ = {isa = PBXFileReference; lastKnownFileType = sourcecode.swift; path = SocialPage.swift; sourceTree = "<group>"; };
		EC1B87832231C1880025401D /* Facebook_logo_(square).png */ = {isa = PBXFileReference; lastKnownFileType = image.png; path = "Facebook_logo_(square).png"; sourceTree = "<group>"; };
		EC1B87852235A8580025401D /* Map.swift */ = {isa = PBXFileReference; lastKnownFileType = sourcecode.swift; path = Map.swift; sourceTree = "<group>"; };
		EC1B87872235A91C0025401D /* File.swift */ = {isa = PBXFileReference; lastKnownFileType = sourcecode.swift; path = File.swift; sourceTree = "<group>"; };
		EC611F6F222A55A500347CE0 /* Screen Shot 2019-02-01 at 1.30.31 AM.png */ = {isa = PBXFileReference; lastKnownFileType = image.png; path = "Screen Shot 2019-02-01 at 1.30.31 AM.png"; sourceTree = "<group>"; };
		ECE0514B222A5CF6000FD564 /* preview_Aurora-Reloaded-Ocean-2048x2048.jpg */ = {isa = PBXFileReference; lastKnownFileType = image.jpeg; path = "preview_Aurora-Reloaded-Ocean-2048x2048.jpg"; sourceTree = "<group>"; };
/* End PBXFileReference section */

/* Begin PBXFrameworksBuildPhase section */
		0FCE278A2207A09D00301E08 /* Frameworks */ = {
			isa = PBXFrameworksBuildPhase;
			buildActionMask = 2147483647;
			files = (
			);
			runOnlyForDeploymentPostprocessing = 0;
		};
/* End PBXFrameworksBuildPhase section */

/* Begin PBXGroup section */
		0FCE27842207A09D00301E08 = {
			isa = PBXGroup;
			children = (
				0FCE278F2207A09D00301E08 /* ECE_project */,
				0FCE278E2207A09D00301E08 /* Products */,
			);
			sourceTree = "<group>";
		};
		0FCE278E2207A09D00301E08 /* Products */ = {
			isa = PBXGroup;
			children = (
				0FCE278D2207A09D00301E08 /* ECE_project.app */,
			);
			name = Products;
			sourceTree = "<group>";
		};
		0FCE278F2207A09D00301E08 /* ECE_project */ = {
			isa = PBXGroup;
			children = (
				EC1B87832231C1880025401D /* Facebook_logo_(square).png */,
				0FCE27902207A09E00301E08 /* AppDelegate.swift */,
				0FCE27922207A09E00301E08 /* HomeViewController.swift */,
				0FCE27972207A09F00301E08 /* Assets.xcassets */,
				0FCE27992207A09F00301E08 /* Main.storyboard */,
				ECE0514B222A5CF6000FD564 /* preview_Aurora-Reloaded-Ocean-2048x2048.jpg */,
				EC611F6F222A55A500347CE0 /* Screen Shot 2019-02-01 at 1.30.31 AM.png */,
				0FCE279C2207A09F00301E08 /* Info.plist */,
				87481BC5222C75AE00CBF41E /* Screen Shot 2019-03-03 at 3.50.39 PM.png */,
				87481BBA222C56D500CBF41E /* Aunty's.png */,
				87481BBC222C56D500CBF41E /* Kabob.png */,
				87481BBB222C56D500CBF41E /* Shinwa.png */,
				87481BC1222C5F8D00CBF41E /* SignUpPage.swift */,
				87481BC3222C656200CBF41E /* GuestPage.swift */,
				87481BC7222C888E00CBF41E /* HomePage.swift */,
				87481BC9222C8AD000CBF41E /* steak+wrap+2.jpg */,
				87481BCD222C8AF700CBF41E /* Alley.png */,
				87481BCF222CC46500CBF41E /* Error.swift */,
				EC1B877D2231A7DA0025401D /* NewsPage.swift */,
				EC1B877F2231AE7E0025401D /* SocialPage.swift */,
				EC1B87852235A8580025401D /* Map.swift */,
				EC1B87872235A91C0025401D /* File.swift */,
			);
			path = ECE_project;
			sourceTree = "<group>";
		};
/* End PBXGroup section */

/* Begin PBXNativeTarget section */
		0FCE278C2207A09D00301E08 /* ECE_project */ = {
			isa = PBXNativeTarget;
			buildConfigurationList = 0FCE279F2207A09F00301E08 /* Build configuration list for PBXNativeTarget "ECE_project" */;
			buildPhases = (
				0FCE27892207A09D00301E08 /* Sources */,
				0FCE278A2207A09D00301E08 /* Frameworks */,
				0FCE278B2207A09D00301E08 /* Resources */,
			);
			buildRules = (
			);
			dependencies = (
			);
			name = ECE_project;
			productName = ECE_project;
			productReference = 0FCE278D2207A09D00301E08 /* ECE_project.app */;
			productType = "com.apple.product-type.application";
		};
/* End PBXNativeTarget section */

/* Begin PBXProject section */
		0FCE27852207A09D00301E08 /* Project object */ = {
			isa = PBXProject;
			attributes = {
				LastSwiftUpdateCheck = 1010;
				LastUpgradeCheck = 1010;
				ORGANIZATIONNAME = "Ibrahim  Khalil";
				TargetAttributes = {
					0FCE278C2207A09D00301E08 = {
						CreatedOnToolsVersion = 10.1;
					};
				};
			};
			buildConfigurationList = 0FCE27882207A09D00301E08 /* Build configuration list for PBXProject "ECE_project" */;
			compatibilityVersion = "Xcode 9.3";
			developmentRegion = en;
			hasScannedForEncodings = 0;
			knownRegions = (
				en,
				Base,
			);
			mainGroup = 0FCE27842207A09D00301E08;
			productRefGroup = 0FCE278E2207A09D00301E08 /* Products */;
			projectDirPath = "";
			projectRoot = "";
			targets = (
				0FCE278C2207A09D00301E08 /* ECE_project */,
			);
		};
/* End PBXProject section */

/* Begin PBXResourcesBuildPhase section */
		0FCE278B2207A09D00301E08 /* Resources */ = {
			isa = PBXResourcesBuildPhase;
			buildActionMask = 2147483647;
			files = (
				0FCE279B2207A09F00301E08 /* Main.storyboard in Resources */,
				EC611F70222A55A500347CE0 /* Screen Shot 2019-02-01 at 1.30.31 AM.png in Resources */,
				0FCE27982207A09F00301E08 /* Assets.xcassets in Resources */,
				87481BBF222C56D600CBF41E /* Kabob.png in Resources */,
				87481BBE222C56D600CBF41E /* Shinwa.png in Resources */,
				87481BBD222C56D600CBF41E /* Aunty's.png in Resources */,
				ECE0514C222A5CF6000FD564 /* preview_Aurora-Reloaded-Ocean-2048x2048.jpg in Resources */,
				87481BCE222C8AF700CBF41E /* Alley.png in Resources */,
				87481BC6222C75B200CBF41E /* Screen Shot 2019-03-03 at 3.50.39 PM.png in Resources */,
				EC1B87842231C1890025401D /* Facebook_logo_(square).png in Resources */,
				87481BCB222C8AD200CBF41E /* steak+wrap+2.jpg in Resources */,
			);
			runOnlyForDeploymentPostprocessing = 0;
		};
/* End PBXResourcesBuildPhase section */

/* Begin PBXSourcesBuildPhase section */
		0FCE27892207A09D00301E08 /* Sources */ = {
			isa = PBXSourcesBuildPhase;
			buildActionMask = 2147483647;
			files = (
				EC1B877E2231A7DA0025401D /* NewsPage.swift in Sources */,
				87481BC8222C888E00CBF41E /* HomePage.swift in Sources */,
				87481BC2222C5F8D00CBF41E /* SignUpPage.swift in Sources */,
				EC1B87802231AE7E0025401D /* SocialPage.swift in Sources */,
				0FCE27932207A09E00301E08 /* HomeViewController.swift in Sources */,
				EC1B87882235A91C0025401D /* File.swift in Sources */,
				0FCE27912207A09E00301E08 /* AppDelegate.swift in Sources */,
				87481BD0222CC46500CBF41E /* Error.swift in Sources */,
				EC1B87862235A8580025401D /* Map.swift in Sources */,
				87481BC4222C656200CBF41E /* GuestPage.swift in Sources */,
			);
			runOnlyForDeploymentPostprocessing = 0;
		};
/* End PBXSourcesBuildPhase section */

/* Begin PBXVariantGroup section */
		0FCE27992207A09F00301E08 /* Main.storyboard */ = {
			isa = PBXVariantGroup;
			children = (
				0FCE279A2207A09F00301E08 /* Base */,
			);
			name = Main.storyboard;
			sourceTree = "<group>";
		};
/* End PBXVariantGroup section */

/* Begin XCBuildConfiguration section */
		0FCE279D2207A09F00301E08 /* Debug */ = {
			isa = XCBuildConfiguration;
			buildSettings = {
				ALWAYS_SEARCH_USER_PATHS = NO;
				CLANG_ANALYZER_NONNULL = YES;
				CLANG_ANALYZER_NUMBER_OBJECT_CONVERSION = YES_AGGRESSIVE;
				CLANG_CXX_LANGUAGE_STANDARD = "gnu++14";
				CLANG_CXX_LIBRARY = "libc++";
				CLANG_ENABLE_MODULES = YES;
				CLANG_ENABLE_OBJC_ARC = YES;
				CLANG_ENABLE_OBJC_WEAK = YES;
				CLANG_WARN_BLOCK_CAPTURE_AUTORELEASING = YES;
				CLANG_WARN_BOOL_CONVERSION = YES;
				CLANG_WARN_COMMA = YES;
				CLANG_WARN_CONSTANT_CONVERSION = YES;
				CLANG_WARN_DEPRECATED_OBJC_IMPLEMENTATIONS = YES;
				CLANG_WARN_DIRECT_OBJC_ISA_USAGE = YES_ERROR;
				CLANG_WARN_DOCUMENTATION_COMMENTS = YES;
				CLANG_WARN_EMPTY_BODY = YES;
				CLANG_WARN_ENUM_CONVERSION = YES;
				CLANG_WARN_INFINITE_RECURSION = YES;
				CLANG_WARN_INT_CONVERSION = YES;
				CLANG_WARN_NON_LITERAL_NULL_CONVERSION = YES;
				CLANG_WARN_OBJC_IMPLICIT_RETAIN_SELF = YES;
				CLANG_WARN_OBJC_LITERAL_CONVERSION = YES;
				CLANG_WARN_OBJC_ROOT_CLASS = YES_ERROR;
				CLANG_WARN_RANGE_LOOP_ANALYSIS = YES;
				CLANG_WARN_STRICT_PROTOTYPES = YES;
				CLANG_WARN_SUSPICIOUS_MOVE = YES;
				CLANG_WARN_UNGUARDED_AVAILABILITY = YES_AGGRESSIVE;
				CLANG_WARN_UNREACHABLE_CODE = YES;
				CLANG_WARN__DUPLICATE_METHOD_MATCH = YES;
				CODE_SIGN_IDENTITY = "iPhone Developer";
				COPY_PHASE_STRIP = NO;
				DEBUG_INFORMATION_FORMAT = dwarf;
				ENABLE_STRICT_OBJC_MSGSEND = YES;
				ENABLE_TESTABILITY = YES;
				GCC_C_LANGUAGE_STANDARD = gnu11;
				GCC_DYNAMIC_NO_PIC = NO;
				GCC_NO_COMMON_BLOCKS = YES;
				GCC_OPTIMIZATION_LEVEL = 0;
				GCC_PREPROCESSOR_DEFINITIONS = (
					"DEBUG=1",
					"$(inherited)",
				);
				GCC_WARN_64_TO_32_BIT_CONVERSION = YES;
				GCC_WARN_ABOUT_RETURN_TYPE = YES_ERROR;
				GCC_WARN_UNDECLARED_SELECTOR = YES;
				GCC_WARN_UNINITIALIZED_AUTOS = YES_AGGRESSIVE;
				GCC_WARN_UNUSED_FUNCTION = YES;
				GCC_WARN_UNUSED_VARIABLE = YES;
				IPHONEOS_DEPLOYMENT_TARGET = 12.1;
				MTL_ENABLE_DEBUG_INFO = INCLUDE_SOURCE;
				MTL_FAST_MATH = YES;
				ONLY_ACTIVE_ARCH = YES;
				SDKROOT = iphoneos;
				SWIFT_ACTIVE_COMPILATION_CONDITIONS = DEBUG;
				SWIFT_OPTIMIZATION_LEVEL = "-Onone";
			};
			name = Debug;
		};
		0FCE279E2207A09F00301E08 /* Release */ = {
			isa = XCBuildConfiguration;
			buildSettings = {
				ALWAYS_SEARCH_USER_PATHS = NO;
				CLANG_ANALYZER_NONNULL = YES;
				CLANG_ANALYZER_NUMBER_OBJECT_CONVERSION = YES_AGGRESSIVE;
				CLANG_CXX_LANGUAGE_STANDARD = "gnu++14";
				CLANG_CXX_LIBRARY = "libc++";
				CLANG_ENABLE_MODULES = YES;
				CLANG_ENABLE_OBJC_ARC = YES;
				CLANG_ENABLE_OBJC_WEAK = YES;
				CLANG_WARN_BLOCK_CAPTURE_AUTORELEASING = YES;
				CLANG_WARN_BOOL_CONVERSION = YES;
				CLANG_WARN_COMMA = YES;
				CLANG_WARN_CONSTANT_CONVERSION = YES;
				CLANG_WARN_DEPRECATED_OBJC_IMPLEMENTATIONS = YES;
				CLANG_WARN_DIRECT_OBJC_ISA_USAGE = YES_ERROR;
				CLANG_WARN_DOCUMENTATION_COMMENTS = YES;
				CLANG_WARN_EMPTY_BODY = YES;
				CLANG_WARN_ENUM_CONVERSION = YES;
				CLANG_WARN_INFINITE_RECURSION = YES;
				CLANG_WARN_INT_CONVERSION = YES;
				CLANG_WARN_NON_LITERAL_NULL_CONVERSION = YES;
				CLANG_WARN_OBJC_IMPLICIT_RETAIN_SELF = YES;
				CLANG_WARN_OBJC_LITERAL_CONVERSION = YES;
				CLANG_WARN_OBJC_ROOT_CLASS = YES_ERROR;
				CLANG_WARN_RANGE_LOOP_ANALYSIS = YES;
				CLANG_WARN_STRICT_PROTOTYPES = YES;
				CLANG_WARN_SUSPICIOUS_MOVE = YES;
				CLANG_WARN_UNGUARDED_AVAILABILITY = YES_AGGRESSIVE;
				CLANG_WARN_UNREACHABLE_CODE = YES;
				CLANG_WARN__DUPLICATE_METHOD_MATCH = YES;
				CODE_SIGN_IDENTITY = "iPhone Developer";
				COPY_PHASE_STRIP = NO;
				DEBUG_INFORMATION_FORMAT = "dwarf-with-dsym";
				ENABLE_NS_ASSERTIONS = NO;
				ENABLE_STRICT_OBJC_MSGSEND = YES;
				GCC_C_LANGUAGE_STANDARD = gnu11;
				GCC_NO_COMMON_BLOCKS = YES;
				GCC_WARN_64_TO_32_BIT_CONVERSION = YES;
				GCC_WARN_ABOUT_RETURN_TYPE = YES_ERROR;
				GCC_WARN_UNDECLARED_SELECTOR = YES;
				GCC_WARN_UNINITIALIZED_AUTOS = YES_AGGRESSIVE;
				GCC_WARN_UNUSED_FUNCTION = YES;
				GCC_WARN_UNUSED_VARIABLE = YES;
				IPHONEOS_DEPLOYMENT_TARGET = 12.1;
				MTL_ENABLE_DEBUG_INFO = NO;
				MTL_FAST_MATH = YES;
				SDKROOT = iphoneos;
				SWIFT_COMPILATION_MODE = wholemodule;
				SWIFT_OPTIMIZATION_LEVEL = "-O";
				VALIDATE_PRODUCT = YES;
			};
			name = Release;
		};
		0FCE27A02207A09F00301E08 /* Debug */ = {
			isa = XCBuildConfiguration;
			buildSettings = {
				ASSETCATALOG_COMPILER_APPICON_NAME = AppIcon;
				CODE_SIGN_STYLE = Automatic;
				INFOPLIST_FILE = ECE_project/Info.plist;
				LD_RUNPATH_SEARCH_PATHS = (
					"$(inherited)",
					"@executable_path/Frameworks",
				);
				PRODUCT_BUNDLE_IDENTIFIER = "com.canada.ECE-project";
				PRODUCT_NAME = "$(TARGET_NAME)";
				SWIFT_VERSION = 4.2;
				TARGETED_DEVICE_FAMILY = "1,2";
			};
			name = Debug;
		};
		0FCE27A12207A09F00301E08 /* Release */ = {
			isa = XCBuildConfiguration;
			buildSettings = {
				ASSETCATALOG_COMPILER_APPICON_NAME = AppIcon;
				CODE_SIGN_STYLE = Automatic;
				INFOPLIST_FILE = ECE_project/Info.plist;
				LD_RUNPATH_SEARCH_PATHS = (
					"$(inherited)",
					"@executable_path/Frameworks",
				);
				PRODUCT_BUNDLE_IDENTIFIER = "com.canada.ECE-project";
				PRODUCT_NAME = "$(TARGET_NAME)";
				SWIFT_VERSION = 4.2;
				TARGETED_DEVICE_FAMILY = "1,2";
			};
			name = Release;
		};
/* End XCBuildConfiguration section */

/* Begin XCConfigurationList section */
		0FCE27882207A09D00301E08 /* Build configuration list for PBXProject "ECE_project" */ = {
			isa = XCConfigurationList;
			buildConfigurations = (
				0FCE279D2207A09F00301E08 /* Debug */,
				0FCE279E2207A09F00301E08 /* Release */,
			);
			defaultConfigurationIsVisible = 0;
			defaultConfigurationName = Release;
		};
		0FCE279F2207A09F00301E08 /* Build configuration list for PBXNativeTarget "ECE_project" */ = {
			isa = XCConfigurationList;
			buildConfigurations = (
				0FCE27A02207A09F00301E08 /* Debug */,
				0FCE27A12207A09F00301E08 /* Release */,
			);
			defaultConfigurationIsVisible = 0;
			defaultConfigurationName = Release;
		};
/* End XCConfigurationList section */
	};
	rootObject = 0FCE27852207A09D00301E08 /* Project object */;
}
